// !$*UTF8*$!
{
	archiveVersion = 1;
	classes = {
	};
	objectVersion = 56;
	objects = {

/* Begin PBXBuildFile section */
		7C0D13F32C29AFF90036A2DF /* CharactersUseCase.swift in Sources */ = {isa = PBXBuildFile; fileRef = 7C0D13F22C29AFF90036A2DF /* CharactersUseCase.swift */; };
		7C0D13F72C29B0FB0036A2DF /* Character.swift in Sources */ = {isa = PBXBuildFile; fileRef = 7C0D13F62C29B0FB0036A2DF /* Character.swift */; };
		7C0D13FA2C29B6050036A2DF /* CharactersListView.swift in Sources */ = {isa = PBXBuildFile; fileRef = 7C0D13F92C29B6050036A2DF /* CharactersListView.swift */; };
		7C0D13FC2C29B6190036A2DF /* CharactersListViewModel.swift in Sources */ = {isa = PBXBuildFile; fileRef = 7C0D13FB2C29B6190036A2DF /* CharactersListViewModel.swift */; };
		7C0D13FE2C29D6EC0036A2DF /* CharacterCellView.swift in Sources */ = {isa = PBXBuildFile; fileRef = 7C0D13FD2C29D6EC0036A2DF /* CharacterCellView.swift */; };
		7C3B26092C2AB85500B5F40D /* CharacterDetailView.swift in Sources */ = {isa = PBXBuildFile; fileRef = 7C3B26082C2AB85500B5F40D /* CharacterDetailView.swift */; };
		7C3B260D2C2AD59A00B5F40D /* EpisodeApiDataSource.swift in Sources */ = {isa = PBXBuildFile; fileRef = 7C3B260C2C2AD59A00B5F40D /* EpisodeApiDataSource.swift */; };
		7C3B260F2C2AD71D00B5F40D /* EpisodeRepository.swift in Sources */ = {isa = PBXBuildFile; fileRef = 7C3B260E2C2AD71D00B5F40D /* EpisodeRepository.swift */; };
		7C3B26112C2AD75700B5F40D /* EpisodeEntity.swift in Sources */ = {isa = PBXBuildFile; fileRef = 7C3B26102C2AD75700B5F40D /* EpisodeEntity.swift */; };
		7C3B26132C2B190F00B5F40D /* EpisodesUseCase.swift in Sources */ = {isa = PBXBuildFile; fileRef = 7C3B26122C2B190F00B5F40D /* EpisodesUseCase.swift */; };
		7C3B26152C2B1E1D00B5F40D /* Episode.swift in Sources */ = {isa = PBXBuildFile; fileRef = 7C3B26142C2B1E1D00B5F40D /* Episode.swift */; };
		7C3B26182C2B204A00B5F40D /* AppDelegate.swift in Sources */ = {isa = PBXBuildFile; fileRef = 7C3B26172C2B204A00B5F40D /* AppDelegate.swift */; };
		7C3B261A2C2B21D200B5F40D /* CharacterDetailViewModel.swift in Sources */ = {isa = PBXBuildFile; fileRef = 7C3B26192C2B21D200B5F40D /* CharacterDetailViewModel.swift */; };
		7C4A95E02C295D3E00278307 /* ListDetailSwiftUIApp.swift in Sources */ = {isa = PBXBuildFile; fileRef = 7C4A95DF2C295D3E00278307 /* ListDetailSwiftUIApp.swift */; };
		7C4A95E22C295D3E00278307 /* ContentView.swift in Sources */ = {isa = PBXBuildFile; fileRef = 7C4A95E12C295D3E00278307 /* ContentView.swift */; };
		7C4A95E42C295D4000278307 /* Assets.xcassets in Resources */ = {isa = PBXBuildFile; fileRef = 7C4A95E32C295D4000278307 /* Assets.xcassets */; };
		7C4A95E72C295D4000278307 /* Preview Assets.xcassets in Resources */ = {isa = PBXBuildFile; fileRef = 7C4A95E62C295D4000278307 /* Preview Assets.xcassets */; };
		7C4A95F12C295D4000278307 /* ListDetailSwiftUITests.swift in Sources */ = {isa = PBXBuildFile; fileRef = 7C4A95F02C295D4000278307 /* ListDetailSwiftUITests.swift */; };
		7C4A95FB2C295D4000278307 /* ListDetailSwiftUIUITests.swift in Sources */ = {isa = PBXBuildFile; fileRef = 7C4A95FA2C295D4000278307 /* ListDetailSwiftUIUITests.swift */; };
		7C4A95FD2C295D4000278307 /* ListDetailSwiftUIUITestsLaunchTests.swift in Sources */ = {isa = PBXBuildFile; fileRef = 7C4A95FC2C295D4000278307 /* ListDetailSwiftUIUITestsLaunchTests.swift */; };
		7CCD01A42C296AD100FAAF8C /* APIService.swift in Sources */ = {isa = PBXBuildFile; fileRef = 7CCD01A32C296AD100FAAF8C /* APIService.swift */; };
		7CCD01A62C296AF200FAAF8C /* APIRequest.swift in Sources */ = {isa = PBXBuildFile; fileRef = 7CCD01A52C296AF200FAAF8C /* APIRequest.swift */; };
		7CCD01A82C296B4600FAAF8C /* APIServiceError.swift in Sources */ = {isa = PBXBuildFile; fileRef = 7CCD01A72C296B4600FAAF8C /* APIServiceError.swift */; };
		7CCD01AE2C296DA000FAAF8C /* CharactersDataSource.swift in Sources */ = {isa = PBXBuildFile; fileRef = 7CCD01AD2C296DA000FAAF8C /* CharactersDataSource.swift */; };
		7CCD01B22C2971E900FAAF8C /* CharacterRepository.swift in Sources */ = {isa = PBXBuildFile; fileRef = 7CCD01B12C2971E900FAAF8C /* CharacterRepository.swift */; };
		7CCD01B52C29904E00FAAF8C /* CharacterEntity.swift in Sources */ = {isa = PBXBuildFile; fileRef = 7CCD01B42C29904E00FAAF8C /* CharacterEntity.swift */; };
		7CCD01B72C29913300FAAF8C /* ResponseInfoEntity.swift in Sources */ = {isa = PBXBuildFile; fileRef = 7CCD01B62C29913300FAAF8C /* ResponseInfoEntity.swift */; };
/* End PBXBuildFile section */

/* Begin PBXContainerItemProxy section */
		7C4A95ED2C295D4000278307 /* PBXContainerItemProxy */ = {
			isa = PBXContainerItemProxy;
			containerPortal = 7C4A95D42C295D3E00278307 /* Project object */;
			proxyType = 1;
			remoteGlobalIDString = 7C4A95DB2C295D3E00278307;
			remoteInfo = ListDetailSwiftUI;
		};
		7C4A95F72C295D4000278307 /* PBXContainerItemProxy */ = {
			isa = PBXContainerItemProxy;
			containerPortal = 7C4A95D42C295D3E00278307 /* Project object */;
			proxyType = 1;
			remoteGlobalIDString = 7C4A95DB2C295D3E00278307;
			remoteInfo = ListDetailSwiftUI;
		};
/* End PBXContainerItemProxy section */

/* Begin PBXFileReference section */
		7C0D13F22C29AFF90036A2DF /* CharactersUseCase.swift */ = {isa = PBXFileReference; lastKnownFileType = sourcecode.swift; path = CharactersUseCase.swift; sourceTree = "<group>"; };
		7C0D13F62C29B0FB0036A2DF /* Character.swift */ = {isa = PBXFileReference; lastKnownFileType = sourcecode.swift; path = Character.swift; sourceTree = "<group>"; };
		7C0D13F92C29B6050036A2DF /* CharactersListView.swift */ = {isa = PBXFileReference; lastKnownFileType = sourcecode.swift; path = CharactersListView.swift; sourceTree = "<group>"; };
		7C0D13FB2C29B6190036A2DF /* CharactersListViewModel.swift */ = {isa = PBXFileReference; lastKnownFileType = sourcecode.swift; path = CharactersListViewModel.swift; sourceTree = "<group>"; };
		7C0D13FD2C29D6EC0036A2DF /* CharacterCellView.swift */ = {isa = PBXFileReference; lastKnownFileType = sourcecode.swift; path = CharacterCellView.swift; sourceTree = "<group>"; };
		7C3B26082C2AB85500B5F40D /* CharacterDetailView.swift */ = {isa = PBXFileReference; lastKnownFileType = sourcecode.swift; path = CharacterDetailView.swift; sourceTree = "<group>"; };
		7C3B260C2C2AD59A00B5F40D /* EpisodeApiDataSource.swift */ = {isa = PBXFileReference; lastKnownFileType = sourcecode.swift; path = EpisodeApiDataSource.swift; sourceTree = "<group>"; };
		7C3B260E2C2AD71D00B5F40D /* EpisodeRepository.swift */ = {isa = PBXFileReference; lastKnownFileType = sourcecode.swift; path = EpisodeRepository.swift; sourceTree = "<group>"; };
		7C3B26102C2AD75700B5F40D /* EpisodeEntity.swift */ = {isa = PBXFileReference; lastKnownFileType = sourcecode.swift; path = EpisodeEntity.swift; sourceTree = "<group>"; };
		7C3B26122C2B190F00B5F40D /* EpisodesUseCase.swift */ = {isa = PBXFileReference; lastKnownFileType = sourcecode.swift; path = EpisodesUseCase.swift; sourceTree = "<group>"; };
		7C3B26142C2B1E1D00B5F40D /* Episode.swift */ = {isa = PBXFileReference; lastKnownFileType = sourcecode.swift; path = Episode.swift; sourceTree = "<group>"; };
		7C3B26172C2B204A00B5F40D /* AppDelegate.swift */ = {isa = PBXFileReference; lastKnownFileType = sourcecode.swift; path = AppDelegate.swift; sourceTree = "<group>"; };
		7C3B26192C2B21D200B5F40D /* CharacterDetailViewModel.swift */ = {isa = PBXFileReference; lastKnownFileType = sourcecode.swift; path = CharacterDetailViewModel.swift; sourceTree = "<group>"; };
		7C4A95DC2C295D3E00278307 /* ListDetailSwiftUI.app */ = {isa = PBXFileReference; explicitFileType = wrapper.application; includeInIndex = 0; path = ListDetailSwiftUI.app; sourceTree = BUILT_PRODUCTS_DIR; };
		7C4A95DF2C295D3E00278307 /* ListDetailSwiftUIApp.swift */ = {isa = PBXFileReference; lastKnownFileType = sourcecode.swift; path = ListDetailSwiftUIApp.swift; sourceTree = "<group>"; };
		7C4A95E12C295D3E00278307 /* ContentView.swift */ = {isa = PBXFileReference; lastKnownFileType = sourcecode.swift; path = ContentView.swift; sourceTree = "<group>"; };
		7C4A95E32C295D4000278307 /* Assets.xcassets */ = {isa = PBXFileReference; lastKnownFileType = folder.assetcatalog; path = Assets.xcassets; sourceTree = "<group>"; };
		7C4A95E62C295D4000278307 /* Preview Assets.xcassets */ = {isa = PBXFileReference; lastKnownFileType = folder.assetcatalog; path = "Preview Assets.xcassets"; sourceTree = "<group>"; };
		7C4A95EC2C295D4000278307 /* ListDetailSwiftUITests.xctest */ = {isa = PBXFileReference; explicitFileType = wrapper.cfbundle; includeInIndex = 0; path = ListDetailSwiftUITests.xctest; sourceTree = BUILT_PRODUCTS_DIR; };
		7C4A95F02C295D4000278307 /* ListDetailSwiftUITests.swift */ = {isa = PBXFileReference; lastKnownFileType = sourcecode.swift; path = ListDetailSwiftUITests.swift; sourceTree = "<group>"; };
		7C4A95F62C295D4000278307 /* ListDetailSwiftUIUITests.xctest */ = {isa = PBXFileReference; explicitFileType = wrapper.cfbundle; includeInIndex = 0; path = ListDetailSwiftUIUITests.xctest; sourceTree = BUILT_PRODUCTS_DIR; };
		7C4A95FA2C295D4000278307 /* ListDetailSwiftUIUITests.swift */ = {isa = PBXFileReference; lastKnownFileType = sourcecode.swift; path = ListDetailSwiftUIUITests.swift; sourceTree = "<group>"; };
		7C4A95FC2C295D4000278307 /* ListDetailSwiftUIUITestsLaunchTests.swift */ = {isa = PBXFileReference; lastKnownFileType = sourcecode.swift; path = ListDetailSwiftUIUITestsLaunchTests.swift; sourceTree = "<group>"; };
		7CCD01A32C296AD100FAAF8C /* APIService.swift */ = {isa = PBXFileReference; lastKnownFileType = sourcecode.swift; path = APIService.swift; sourceTree = "<group>"; };
		7CCD01A52C296AF200FAAF8C /* APIRequest.swift */ = {isa = PBXFileReference; lastKnownFileType = sourcecode.swift; path = APIRequest.swift; sourceTree = "<group>"; };
		7CCD01A72C296B4600FAAF8C /* APIServiceError.swift */ = {isa = PBXFileReference; lastKnownFileType = sourcecode.swift; path = APIServiceError.swift; sourceTree = "<group>"; };
		7CCD01AD2C296DA000FAAF8C /* CharactersDataSource.swift */ = {isa = PBXFileReference; lastKnownFileType = sourcecode.swift; path = CharactersDataSource.swift; sourceTree = "<group>"; };
		7CCD01B12C2971E900FAAF8C /* CharacterRepository.swift */ = {isa = PBXFileReference; lastKnownFileType = sourcecode.swift; path = CharacterRepository.swift; sourceTree = "<group>"; };
		7CCD01B42C29904E00FAAF8C /* CharacterEntity.swift */ = {isa = PBXFileReference; lastKnownFileType = sourcecode.swift; path = CharacterEntity.swift; sourceTree = "<group>"; };
		7CCD01B62C29913300FAAF8C /* ResponseInfoEntity.swift */ = {isa = PBXFileReference; lastKnownFileType = sourcecode.swift; path = ResponseInfoEntity.swift; sourceTree = "<group>"; };
/* End PBXFileReference section */

/* Begin PBXFrameworksBuildPhase section */
		7C4A95D92C295D3E00278307 /* Frameworks */ = {
			isa = PBXFrameworksBuildPhase;
			buildActionMask = 2147483647;
			files = (
			);
			runOnlyForDeploymentPostprocessing = 0;
		};
		7C4A95E92C295D4000278307 /* Frameworks */ = {
			isa = PBXFrameworksBuildPhase;
			buildActionMask = 2147483647;
			files = (
			);
			runOnlyForDeploymentPostprocessing = 0;
		};
		7C4A95F32C295D4000278307 /* Frameworks */ = {
			isa = PBXFrameworksBuildPhase;
			buildActionMask = 2147483647;
			files = (
			);
			runOnlyForDeploymentPostprocessing = 0;
		};
/* End PBXFrameworksBuildPhase section */

/* Begin PBXGroup section */
		7C0D13F12C29AFE40036A2DF /* UseCases */ = {
			isa = PBXGroup;
			children = (
				7C0D13F22C29AFF90036A2DF /* CharactersUseCase.swift */,
				7C3B26122C2B190F00B5F40D /* EpisodesUseCase.swift */,
			);
			path = UseCases;
			sourceTree = "<group>";
		};
		7C0D13F52C29B0B30036A2DF /* Models */ = {
			isa = PBXGroup;
			children = (
				7C0D13F62C29B0FB0036A2DF /* Character.swift */,
				7C3B26142C2B1E1D00B5F40D /* Episode.swift */,
			);
			path = Models;
			sourceTree = "<group>";
		};
		7C0D13F82C29B5EE0036A2DF /* CharactersList */ = {
			isa = PBXGroup;
			children = (
				7C0D13F92C29B6050036A2DF /* CharactersListView.swift */,
				7C0D13FB2C29B6190036A2DF /* CharactersListViewModel.swift */,
				7C0D13FD2C29D6EC0036A2DF /* CharacterCellView.swift */,
			);
			path = CharactersList;
			sourceTree = "<group>";
		};
		7C3B26072C2AB80D00B5F40D /* CharacterDetail */ = {
			isa = PBXGroup;
			children = (
				7C3B26082C2AB85500B5F40D /* CharacterDetailView.swift */,
				7C3B26192C2B21D200B5F40D /* CharacterDetailViewModel.swift */,
			);
			path = CharacterDetail;
			sourceTree = "<group>";
		};
		7C3B260B2C2AD54900B5F40D /* Episodes */ = {
			isa = PBXGroup;
			children = (
				7C3B260C2C2AD59A00B5F40D /* EpisodeApiDataSource.swift */,
				7C3B260E2C2AD71D00B5F40D /* EpisodeRepository.swift */,
			);
			path = Episodes;
			sourceTree = "<group>";
		};
		7C4A95D32C295D3E00278307 = {
			isa = PBXGroup;
			children = (
				7C4A95DE2C295D3E00278307 /* ListDetailSwiftUI */,
				7C4A95EF2C295D4000278307 /* ListDetailSwiftUITests */,
				7C4A95F92C295D4000278307 /* ListDetailSwiftUIUITests */,
				7C4A95DD2C295D3E00278307 /* Products */,
			);
			sourceTree = "<group>";
		};
		7C4A95DD2C295D3E00278307 /* Products */ = {
			isa = PBXGroup;
			children = (
				7C4A95DC2C295D3E00278307 /* ListDetailSwiftUI.app */,
				7C4A95EC2C295D4000278307 /* ListDetailSwiftUITests.xctest */,
				7C4A95F62C295D4000278307 /* ListDetailSwiftUIUITests.xctest */,
			);
			name = Products;
			sourceTree = "<group>";
		};
		7C4A95DE2C295D3E00278307 /* ListDetailSwiftUI */ = {
			isa = PBXGroup;
			children = (
				7CCD01A22C296AC200FAAF8C /* Utils */,
				7CCD01A12C29661000FAAF8C /* Data */,
				7CCD01A02C2965DF00FAAF8C /* Domain */,
				7CCD019F2C2965D400FAAF8C /* Views */,
				7C3B26172C2B204A00B5F40D /* AppDelegate.swift */,
				7C4A95DF2C295D3E00278307 /* ListDetailSwiftUIApp.swift */,
				7C4A95E12C295D3E00278307 /* ContentView.swift */,
				7C4A95E32C295D4000278307 /* Assets.xcassets */,
				7C4A95E52C295D4000278307 /* Preview Content */,
			);
			path = ListDetailSwiftUI;
			sourceTree = "<group>";
		};
		7C4A95E52C295D4000278307 /* Preview Content */ = {
			isa = PBXGroup;
			children = (
				7C4A95E62C295D4000278307 /* Preview Assets.xcassets */,
			);
			path = "Preview Content";
			sourceTree = "<group>";
		};
		7C4A95EF2C295D4000278307 /* ListDetailSwiftUITests */ = {
			isa = PBXGroup;
			children = (
				7C4A95F02C295D4000278307 /* ListDetailSwiftUITests.swift */,
			);
			path = ListDetailSwiftUITests;
			sourceTree = "<group>";
		};
		7C4A95F92C295D4000278307 /* ListDetailSwiftUIUITests */ = {
			isa = PBXGroup;
			children = (
				7C4A95FA2C295D4000278307 /* ListDetailSwiftUIUITests.swift */,
				7C4A95FC2C295D4000278307 /* ListDetailSwiftUIUITestsLaunchTests.swift */,
			);
			path = ListDetailSwiftUIUITests;
			sourceTree = "<group>";
		};
		7CCD019F2C2965D400FAAF8C /* Views */ = {
			isa = PBXGroup;
			children = (
				7C3B26072C2AB80D00B5F40D /* CharacterDetail */,
				7C0D13F82C29B5EE0036A2DF /* CharactersList */,
				7C0D13F52C29B0B30036A2DF /* Models */,
			);
			path = Views;
			sourceTree = "<group>";
		};
		7CCD01A02C2965DF00FAAF8C /* Domain */ = {
			isa = PBXGroup;
			children = (
				7C0D13F12C29AFE40036A2DF /* UseCases */,
				7CCD01B32C29901800FAAF8C /* Entities */,
			);
			path = Domain;
			sourceTree = "<group>";
		};
		7CCD01A12C29661000FAAF8C /* Data */ = {
			isa = PBXGroup;
			children = (
				7C3B260B2C2AD54900B5F40D /* Episodes */,
				7CCD01AC2C296D9200FAAF8C /* Characters */,
			);
			path = Data;
			sourceTree = "<group>";
		};
		7CCD01A22C296AC200FAAF8C /* Utils */ = {
			isa = PBXGroup;
			children = (
				7CCD01A32C296AD100FAAF8C /* APIService.swift */,
				7CCD01A52C296AF200FAAF8C /* APIRequest.swift */,
				7CCD01A72C296B4600FAAF8C /* APIServiceError.swift */,
			);
			path = Utils;
			sourceTree = "<group>";
		};
		7CCD01AC2C296D9200FAAF8C /* Characters */ = {
			isa = PBXGroup;
			children = (
				7CCD01AD2C296DA000FAAF8C /* CharactersDataSource.swift */,
				7CCD01B12C2971E900FAAF8C /* CharacterRepository.swift */,
			);
			path = Characters;
			sourceTree = "<group>";
		};
		7CCD01B32C29901800FAAF8C /* Entities */ = {
			isa = PBXGroup;
			children = (
				7CCD01B42C29904E00FAAF8C /* CharacterEntity.swift */,
				7CCD01B62C29913300FAAF8C /* ResponseInfoEntity.swift */,
				7C3B26102C2AD75700B5F40D /* EpisodeEntity.swift */,
			);
			path = Entities;
			sourceTree = "<group>";
		};
/* End PBXGroup section */

/* Begin PBXNativeTarget section */
		7C4A95DB2C295D3E00278307 /* ListDetailSwiftUI */ = {
			isa = PBXNativeTarget;
			buildConfigurationList = 7C4A96002C295D4000278307 /* Build configuration list for PBXNativeTarget "ListDetailSwiftUI" */;
			buildPhases = (
				7C4A95D82C295D3E00278307 /* Sources */,
				7C4A95D92C295D3E00278307 /* Frameworks */,
				7C4A95DA2C295D3E00278307 /* Resources */,
			);
			buildRules = (
			);
			dependencies = (
			);
			name = ListDetailSwiftUI;
			productName = ListDetailSwiftUI;
			productReference = 7C4A95DC2C295D3E00278307 /* ListDetailSwiftUI.app */;
			productType = "com.apple.product-type.application";
		};
		7C4A95EB2C295D4000278307 /* ListDetailSwiftUITests */ = {
			isa = PBXNativeTarget;
			buildConfigurationList = 7C4A96032C295D4000278307 /* Build configuration list for PBXNativeTarget "ListDetailSwiftUITests" */;
			buildPhases = (
				7C4A95E82C295D4000278307 /* Sources */,
				7C4A95E92C295D4000278307 /* Frameworks */,
				7C4A95EA2C295D4000278307 /* Resources */,
			);
			buildRules = (
			);
			dependencies = (
				7C4A95EE2C295D4000278307 /* PBXTargetDependency */,
			);
			name = ListDetailSwiftUITests;
			productName = ListDetailSwiftUITests;
			productReference = 7C4A95EC2C295D4000278307 /* ListDetailSwiftUITests.xctest */;
			productType = "com.apple.product-type.bundle.unit-test";
		};
		7C4A95F52C295D4000278307 /* ListDetailSwiftUIUITests */ = {
			isa = PBXNativeTarget;
			buildConfigurationList = 7C4A96062C295D4000278307 /* Build configuration list for PBXNativeTarget "ListDetailSwiftUIUITests" */;
			buildPhases = (
				7C4A95F22C295D4000278307 /* Sources */,
				7C4A95F32C295D4000278307 /* Frameworks */,
				7C4A95F42C295D4000278307 /* Resources */,
			);
			buildRules = (
			);
			dependencies = (
				7C4A95F82C295D4000278307 /* PBXTargetDependency */,
			);
			name = ListDetailSwiftUIUITests;
			productName = ListDetailSwiftUIUITests;
			productReference = 7C4A95F62C295D4000278307 /* ListDetailSwiftUIUITests.xctest */;
			productType = "com.apple.product-type.bundle.ui-testing";
		};
/* End PBXNativeTarget section */

/* Begin PBXProject section */
		7C4A95D42C295D3E00278307 /* Project object */ = {
			isa = PBXProject;
			attributes = {
				BuildIndependentTargetsInParallel = 1;
				LastSwiftUpdateCheck = 1540;
				LastUpgradeCheck = 1540;
				TargetAttributes = {
					7C4A95DB2C295D3E00278307 = {
						CreatedOnToolsVersion = 15.4;
					};
					7C4A95EB2C295D4000278307 = {
						CreatedOnToolsVersion = 15.4;
						TestTargetID = 7C4A95DB2C295D3E00278307;
					};
					7C4A95F52C295D4000278307 = {
						CreatedOnToolsVersion = 15.4;
						TestTargetID = 7C4A95DB2C295D3E00278307;
					};
				};
			};
			buildConfigurationList = 7C4A95D72C295D3E00278307 /* Build configuration list for PBXProject "ListDetailSwiftUI" */;
			compatibilityVersion = "Xcode 14.0";
			developmentRegion = en;
			hasScannedForEncodings = 0;
			knownRegions = (
				en,
				Base,
			);
			mainGroup = 7C4A95D32C295D3E00278307;
			productRefGroup = 7C4A95DD2C295D3E00278307 /* Products */;
			projectDirPath = "";
			projectRoot = "";
			targets = (
				7C4A95DB2C295D3E00278307 /* ListDetailSwiftUI */,
				7C4A95EB2C295D4000278307 /* ListDetailSwiftUITests */,
				7C4A95F52C295D4000278307 /* ListDetailSwiftUIUITests */,
			);
		};
/* End PBXProject section */

/* Begin PBXResourcesBuildPhase section */
		7C4A95DA2C295D3E00278307 /* Resources */ = {
			isa = PBXResourcesBuildPhase;
			buildActionMask = 2147483647;
			files = (
				7C4A95E72C295D4000278307 /* Preview Assets.xcassets in Resources */,
				7C4A95E42C295D4000278307 /* Assets.xcassets in Resources */,
			);
			runOnlyForDeploymentPostprocessing = 0;
		};
		7C4A95EA2C295D4000278307 /* Resources */ = {
			isa = PBXResourcesBuildPhase;
			buildActionMask = 2147483647;
			files = (
			);
			runOnlyForDeploymentPostprocessing = 0;
		};
		7C4A95F42C295D4000278307 /* Resources */ = {
			isa = PBXResourcesBuildPhase;
			buildActionMask = 2147483647;
			files = (
			);
			runOnlyForDeploymentPostprocessing = 0;
		};
/* End PBXResourcesBuildPhase section */

/* Begin PBXSourcesBuildPhase section */
		7C4A95D82C295D3E00278307 /* Sources */ = {
			isa = PBXSourcesBuildPhase;
			buildActionMask = 2147483647;
			files = (
				7CCD01A82C296B4600FAAF8C /* APIServiceError.swift in Sources */,
				7C4A95E22C295D3E00278307 /* ContentView.swift in Sources */,
				7C0D13FA2C29B6050036A2DF /* CharactersListView.swift in Sources */,
				7C3B260D2C2AD59A00B5F40D /* EpisodeApiDataSource.swift in Sources */,
				7C3B26112C2AD75700B5F40D /* EpisodeEntity.swift in Sources */,
				7CCD01AE2C296DA000FAAF8C /* CharactersDataSource.swift in Sources */,
				7CCD01A42C296AD100FAAF8C /* APIService.swift in Sources */,
				7CCD01B22C2971E900FAAF8C /* CharacterRepository.swift in Sources */,
				7CCD01B72C29913300FAAF8C /* ResponseInfoEntity.swift in Sources */,
				7C3B260F2C2AD71D00B5F40D /* EpisodeRepository.swift in Sources */,
				7CCD01A62C296AF200FAAF8C /* APIRequest.swift in Sources */,
				7C0D13F32C29AFF90036A2DF /* CharactersUseCase.swift in Sources */,
				7C0D13FC2C29B6190036A2DF /* CharactersListViewModel.swift in Sources */,
				7C3B26152C2B1E1D00B5F40D /* Episode.swift in Sources */,
				7C3B26132C2B190F00B5F40D /* EpisodesUseCase.swift in Sources */,
				7C4A95E02C295D3E00278307 /* ListDetailSwiftUIApp.swift in Sources */,
				7CCD01B52C29904E00FAAF8C /* CharacterEntity.swift in Sources */,
				7C3B261A2C2B21D200B5F40D /* CharacterDetailViewModel.swift in Sources */,
				7C3B26092C2AB85500B5F40D /* CharacterDetailView.swift in Sources */,
				7C3B26182C2B204A00B5F40D /* AppDelegate.swift in Sources */,
				7C0D13FE2C29D6EC0036A2DF /* CharacterCellView.swift in Sources */,
				7C0D13F72C29B0FB0036A2DF /* Character.swift in Sources */,
			);
			runOnlyForDeploymentPostprocessing = 0;
		};
		7C4A95E82C295D4000278307 /* Sources */ = {
			isa = PBXSourcesBuildPhase;
			buildActionMask = 2147483647;
			files = (
				7C4A95F12C295D4000278307 /* ListDetailSwiftUITests.swift in Sources */,
			);
			runOnlyForDeploymentPostprocessing = 0;
		};
		7C4A95F22C295D4000278307 /* Sources */ = {
			isa = PBXSourcesBuildPhase;
			buildActionMask = 2147483647;
			files = (
				7C4A95FB2C295D4000278307 /* ListDetailSwiftUIUITests.swift in Sources */,
				7C4A95FD2C295D4000278307 /* ListDetailSwiftUIUITestsLaunchTests.swift in Sources */,
			);
			runOnlyForDeploymentPostprocessing = 0;
		};
/* End PBXSourcesBuildPhase section */

/* Begin PBXTargetDependency section */
		7C4A95EE2C295D4000278307 /* PBXTargetDependency */ = {
			isa = PBXTargetDependency;
			target = 7C4A95DB2C295D3E00278307 /* ListDetailSwiftUI */;
			targetProxy = 7C4A95ED2C295D4000278307 /* PBXContainerItemProxy */;
		};
		7C4A95F82C295D4000278307 /* PBXTargetDependency */ = {
			isa = PBXTargetDependency;
			target = 7C4A95DB2C295D3E00278307 /* ListDetailSwiftUI */;
			targetProxy = 7C4A95F72C295D4000278307 /* PBXContainerItemProxy */;
		};
/* End PBXTargetDependency section */

/* Begin XCBuildConfiguration section */
		7C4A95FE2C295D4000278307 /* Debug */ = {
			isa = XCBuildConfiguration;
			buildSettings = {
				ALWAYS_SEARCH_USER_PATHS = NO;
				ASSETCATALOG_COMPILER_GENERATE_SWIFT_ASSET_SYMBOL_EXTENSIONS = YES;
				CLANG_ANALYZER_NONNULL = YES;
				CLANG_ANALYZER_NUMBER_OBJECT_CONVERSION = YES_AGGRESSIVE;
				CLANG_CXX_LANGUAGE_STANDARD = "gnu++20";
				CLANG_ENABLE_MODULES = YES;
				CLANG_ENABLE_OBJC_ARC = YES;
				CLANG_ENABLE_OBJC_WEAK = YES;
				CLANG_WARN_BLOCK_CAPTURE_AUTORELEASING = YES;
				CLANG_WARN_BOOL_CONVERSION = YES;
				CLANG_WARN_COMMA = YES;
				CLANG_WARN_CONSTANT_CONVERSION = YES;
				CLANG_WARN_DEPRECATED_OBJC_IMPLEMENTATIONS = YES;
				CLANG_WARN_DIRECT_OBJC_ISA_USAGE = YES_ERROR;
				CLANG_WARN_DOCUMENTATION_COMMENTS = YES;
				CLANG_WARN_EMPTY_BODY = YES;
				CLANG_WARN_ENUM_CONVERSION = YES;
				CLANG_WARN_INFINITE_RECURSION = YES;
				CLANG_WARN_INT_CONVERSION = YES;
				CLANG_WARN_NON_LITERAL_NULL_CONVERSION = YES;
				CLANG_WARN_OBJC_IMPLICIT_RETAIN_SELF = YES;
				CLANG_WARN_OBJC_LITERAL_CONVERSION = YES;
				CLANG_WARN_OBJC_ROOT_CLASS = YES_ERROR;
				CLANG_WARN_QUOTED_INCLUDE_IN_FRAMEWORK_HEADER = YES;
				CLANG_WARN_RANGE_LOOP_ANALYSIS = YES;
				CLANG_WARN_STRICT_PROTOTYPES = YES;
				CLANG_WARN_SUSPICIOUS_MOVE = YES;
				CLANG_WARN_UNGUARDED_AVAILABILITY = YES_AGGRESSIVE;
				CLANG_WARN_UNREACHABLE_CODE = YES;
				CLANG_WARN__DUPLICATE_METHOD_MATCH = YES;
				COPY_PHASE_STRIP = NO;
				DEBUG_INFORMATION_FORMAT = dwarf;
				ENABLE_STRICT_OBJC_MSGSEND = YES;
				ENABLE_TESTABILITY = YES;
				ENABLE_USER_SCRIPT_SANDBOXING = YES;
				GCC_C_LANGUAGE_STANDARD = gnu17;
				GCC_DYNAMIC_NO_PIC = NO;
				GCC_NO_COMMON_BLOCKS = YES;
				GCC_OPTIMIZATION_LEVEL = 0;
				GCC_PREPROCESSOR_DEFINITIONS = (
					"DEBUG=1",
					"$(inherited)",
				);
				GCC_WARN_64_TO_32_BIT_CONVERSION = YES;
				GCC_WARN_ABOUT_RETURN_TYPE = YES_ERROR;
				GCC_WARN_UNDECLARED_SELECTOR = YES;
				GCC_WARN_UNINITIALIZED_AUTOS = YES_AGGRESSIVE;
				GCC_WARN_UNUSED_FUNCTION = YES;
				GCC_WARN_UNUSED_VARIABLE = YES;
				IPHONEOS_DEPLOYMENT_TARGET = 17.5;
				LOCALIZATION_PREFERS_STRING_CATALOGS = YES;
				MTL_ENABLE_DEBUG_INFO = INCLUDE_SOURCE;
				MTL_FAST_MATH = YES;
				ONLY_ACTIVE_ARCH = YES;
				SDKROOT = iphoneos;
				SWIFT_ACTIVE_COMPILATION_CONDITIONS = "DEBUG $(inherited)";
				SWIFT_OPTIMIZATION_LEVEL = "-Onone";
			};
			name = Debug;
		};
		7C4A95FF2C295D4000278307 /* Release */ = {
			isa = XCBuildConfiguration;
			buildSettings = {
				ALWAYS_SEARCH_USER_PATHS = NO;
				ASSETCATALOG_COMPILER_GENERATE_SWIFT_ASSET_SYMBOL_EXTENSIONS = YES;
				CLANG_ANALYZER_NONNULL = YES;
				CLANG_ANALYZER_NUMBER_OBJECT_CONVERSION = YES_AGGRESSIVE;
				CLANG_CXX_LANGUAGE_STANDARD = "gnu++20";
				CLANG_ENABLE_MODULES = YES;
				CLANG_ENABLE_OBJC_ARC = YES;
				CLANG_ENABLE_OBJC_WEAK = YES;
				CLANG_WARN_BLOCK_CAPTURE_AUTORELEASING = YES;
				CLANG_WARN_BOOL_CONVERSION = YES;
				CLANG_WARN_COMMA = YES;
				CLANG_WARN_CONSTANT_CONVERSION = YES;
				CLANG_WARN_DEPRECATED_OBJC_IMPLEMENTATIONS = YES;
				CLANG_WARN_DIRECT_OBJC_ISA_USAGE = YES_ERROR;
				CLANG_WARN_DOCUMENTATION_COMMENTS = YES;
				CLANG_WARN_EMPTY_BODY = YES;
				CLANG_WARN_ENUM_CONVERSION = YES;
				CLANG_WARN_INFINITE_RECURSION = YES;
				CLANG_WARN_INT_CONVERSION = YES;
				CLANG_WARN_NON_LITERAL_NULL_CONVERSION = YES;
				CLANG_WARN_OBJC_IMPLICIT_RETAIN_SELF = YES;
				CLANG_WARN_OBJC_LITERAL_CONVERSION = YES;
				CLANG_WARN_OBJC_ROOT_CLASS = YES_ERROR;
				CLANG_WARN_QUOTED_INCLUDE_IN_FRAMEWORK_HEADER = YES;
				CLANG_WARN_RANGE_LOOP_ANALYSIS = YES;
				CLANG_WARN_STRICT_PROTOTYPES = YES;
				CLANG_WARN_SUSPICIOUS_MOVE = YES;
				CLANG_WARN_UNGUARDED_AVAILABILITY = YES_AGGRESSIVE;
				CLANG_WARN_UNREACHABLE_CODE = YES;
				CLANG_WARN__DUPLICATE_METHOD_MATCH = YES;
				COPY_PHASE_STRIP = NO;
				DEBUG_INFORMATION_FORMAT = "dwarf-with-dsym";
				ENABLE_NS_ASSERTIONS = NO;
				ENABLE_STRICT_OBJC_MSGSEND = YES;
				ENABLE_USER_SCRIPT_SANDBOXING = YES;
				GCC_C_LANGUAGE_STANDARD = gnu17;
				GCC_NO_COMMON_BLOCKS = YES;
				GCC_WARN_64_TO_32_BIT_CONVERSION = YES;
				GCC_WARN_ABOUT_RETURN_TYPE = YES_ERROR;
				GCC_WARN_UNDECLARED_SELECTOR = YES;
				GCC_WARN_UNINITIALIZED_AUTOS = YES_AGGRESSIVE;
				GCC_WARN_UNUSED_FUNCTION = YES;
				GCC_WARN_UNUSED_VARIABLE = YES;
				IPHONEOS_DEPLOYMENT_TARGET = 17.5;
				LOCALIZATION_PREFERS_STRING_CATALOGS = YES;
				MTL_ENABLE_DEBUG_INFO = NO;
				MTL_FAST_MATH = YES;
				SDKROOT = iphoneos;
				SWIFT_COMPILATION_MODE = wholemodule;
				VALIDATE_PRODUCT = YES;
			};
			name = Release;
		};
		7C4A96012C295D4000278307 /* Debug */ = {
			isa = XCBuildConfiguration;
			buildSettings = {
				ASSETCATALOG_COMPILER_APPICON_NAME = AppIcon;
				ASSETCATALOG_COMPILER_GLOBAL_ACCENT_COLOR_NAME = AccentColor;
				CODE_SIGN_STYLE = Automatic;
				CURRENT_PROJECT_VERSION = 1;
				DEVELOPMENT_ASSET_PATHS = "\"ListDetailSwiftUI/Preview Content\"";
				ENABLE_PREVIEWS = YES;
				GENERATE_INFOPLIST_FILE = YES;
				INFOPLIST_KEY_UIApplicationSceneManifest_Generation = YES;
				INFOPLIST_KEY_UIApplicationSupportsIndirectInputEvents = YES;
				INFOPLIST_KEY_UILaunchScreen_Generation = YES;
				INFOPLIST_KEY_UISupportedInterfaceOrientations_iPad = "UIInterfaceOrientationPortrait UIInterfaceOrientationPortraitUpsideDown UIInterfaceOrientationLandscapeLeft UIInterfaceOrientationLandscapeRight";
				INFOPLIST_KEY_UISupportedInterfaceOrientations_iPhone = "UIInterfaceOrientationPortrait UIInterfaceOrientationLandscapeLeft UIInterfaceOrientationLandscapeRight";
				LD_RUNPATH_SEARCH_PATHS = (
					"$(inherited)",
					"@executable_path/Frameworks",
				);
				MARKETING_VERSION = 1.0;
				PRODUCT_BUNDLE_IDENTIFIER = ReinaldoEnterprises.ListDetailSwiftUI;
				PRODUCT_NAME = "$(TARGET_NAME)";
				SWIFT_EMIT_LOC_STRINGS = YES;
				SWIFT_VERSION = 5.0;
				TARGETED_DEVICE_FAMILY = "1,2";
			};
			name = Debug;
		};
		7C4A96022C295D4000278307 /* Release */ = {
			isa = XCBuildConfiguration;
			buildSettings = {
				ASSETCATALOG_COMPILER_APPICON_NAME = AppIcon;
				ASSETCATALOG_COMPILER_GLOBAL_ACCENT_COLOR_NAME = AccentColor;
				CODE_SIGN_STYLE = Automatic;
				CURRENT_PROJECT_VERSION = 1;
				DEVELOPMENT_ASSET_PATHS = "\"ListDetailSwiftUI/Preview Content\"";
				ENABLE_PREVIEWS = YES;
				GENERATE_INFOPLIST_FILE = YES;
				INFOPLIST_KEY_UIApplicationSceneManifest_Generation = YES;
				INFOPLIST_KEY_UIApplicationSupportsIndirectInputEvents = YES;
				INFOPLIST_KEY_UILaunchScreen_Generation = YES;
				INFOPLIST_KEY_UISupportedInterfaceOrientations_iPad = "UIInterfaceOrientationPortrait UIInterfaceOrientationPortraitUpsideDown UIInterfaceOrientationLandscapeLeft UIInterfaceOrientationLandscapeRight";
				INFOPLIST_KEY_UISupportedInterfaceOrientations_iPhone = "UIInterfaceOrientationPortrait UIInterfaceOrientationLandscapeLeft UIInterfaceOrientationLandscapeRight";
				LD_RUNPATH_SEARCH_PATHS = (
					"$(inherited)",
					"@executable_path/Frameworks",
				);
				MARKETING_VERSION = 1.0;
				PRODUCT_BUNDLE_IDENTIFIER = ReinaldoEnterprises.ListDetailSwiftUI;
				PRODUCT_NAME = "$(TARGET_NAME)";
				SWIFT_EMIT_LOC_STRINGS = YES;
				SWIFT_VERSION = 5.0;
				TARGETED_DEVICE_FAMILY = "1,2";
			};
			name = Release;
		};
		7C4A96042C295D4000278307 /* Debug */ = {
			isa = XCBuildConfiguration;
			buildSettings = {
				ALWAYS_EMBED_SWIFT_STANDARD_LIBRARIES = YES;
				BUNDLE_LOADER = "$(TEST_HOST)";
				CODE_SIGN_STYLE = Automatic;
				CURRENT_PROJECT_VERSION = 1;
				GENERATE_INFOPLIST_FILE = YES;
				IPHONEOS_DEPLOYMENT_TARGET = 17.5;
				MARKETING_VERSION = 1.0;
				PRODUCT_BUNDLE_IDENTIFIER = ReinaldoEnterprises.ListDetailSwiftUITests;
				PRODUCT_NAME = "$(TARGET_NAME)";
				SWIFT_EMIT_LOC_STRINGS = NO;
				SWIFT_VERSION = 5.0;
				TARGETED_DEVICE_FAMILY = "1,2";
				TEST_HOST = "$(BUILT_PRODUCTS_DIR)/ListDetailSwiftUI.app/$(BUNDLE_EXECUTABLE_FOLDER_PATH)/ListDetailSwiftUI";
			};
			name = Debug;
		};
		7C4A96052C295D4000278307 /* Release */ = {
			isa = XCBuildConfiguration;
			buildSettings = {
				ALWAYS_EMBED_SWIFT_STANDARD_LIBRARIES = YES;
				BUNDLE_LOADER = "$(TEST_HOST)";
				CODE_SIGN_STYLE = Automatic;
				CURRENT_PROJECT_VERSION = 1;
				GENERATE_INFOPLIST_FILE = YES;
				IPHONEOS_DEPLOYMENT_TARGET = 17.5;
				MARKETING_VERSION = 1.0;
				PRODUCT_BUNDLE_IDENTIFIER = ReinaldoEnterprises.ListDetailSwiftUITests;
				PRODUCT_NAME = "$(TARGET_NAME)";
				SWIFT_EMIT_LOC_STRINGS = NO;
				SWIFT_VERSION = 5.0;
				TARGETED_DEVICE_FAMILY = "1,2";
				TEST_HOST = "$(BUILT_PRODUCTS_DIR)/ListDetailSwiftUI.app/$(BUNDLE_EXECUTABLE_FOLDER_PATH)/ListDetailSwiftUI";
			};
			name = Release;
		};
		7C4A96072C295D4000278307 /* Debug */ = {
			isa = XCBuildConfiguration;
			buildSettings = {
				ALWAYS_EMBED_SWIFT_STANDARD_LIBRARIES = YES;
				CODE_SIGN_STYLE = Automatic;
				CURRENT_PROJECT_VERSION = 1;
				GENERATE_INFOPLIST_FILE = YES;
				MARKETING_VERSION = 1.0;
				PRODUCT_BUNDLE_IDENTIFIER = ReinaldoEnterprises.ListDetailSwiftUIUITests;
				PRODUCT_NAME = "$(TARGET_NAME)";
				SWIFT_EMIT_LOC_STRINGS = NO;
				SWIFT_VERSION = 5.0;
				TARGETED_DEVICE_FAMILY = "1,2";
				TEST_TARGET_NAME = ListDetailSwiftUI;
			};
			name = Debug;
		};
		7C4A96082C295D4000278307 /* Release */ = {
			isa = XCBuildConfiguration;
			buildSettings = {
				ALWAYS_EMBED_SWIFT_STANDARD_LIBRARIES = YES;
				CODE_SIGN_STYLE = Automatic;
				CURRENT_PROJECT_VERSION = 1;
				GENERATE_INFOPLIST_FILE = YES;
				MARKETING_VERSION = 1.0;
				PRODUCT_BUNDLE_IDENTIFIER = ReinaldoEnterprises.ListDetailSwiftUIUITests;
				PRODUCT_NAME = "$(TARGET_NAME)";
				SWIFT_EMIT_LOC_STRINGS = NO;
				SWIFT_VERSION = 5.0;
				TARGETED_DEVICE_FAMILY = "1,2";
				TEST_TARGET_NAME = ListDetailSwiftUI;
			};
			name = Release;
		};
/* End XCBuildConfiguration section */

/* Begin XCConfigurationList section */
		7C4A95D72C295D3E00278307 /* Build configuration list for PBXProject "ListDetailSwiftUI" */ = {
			isa = XCConfigurationList;
			buildConfigurations = (
				7C4A95FE2C295D4000278307 /* Debug */,
				7C4A95FF2C295D4000278307 /* Release */,
			);
			defaultConfigurationIsVisible = 0;
			defaultConfigurationName = Release;
		};
		7C4A96002C295D4000278307 /* Build configuration list for PBXNativeTarget "ListDetailSwiftUI" */ = {
			isa = XCConfigurationList;
			buildConfigurations = (
				7C4A96012C295D4000278307 /* Debug */,
				7C4A96022C295D4000278307 /* Release */,
			);
			defaultConfigurationIsVisible = 0;
			defaultConfigurationName = Release;
		};
		7C4A96032C295D4000278307 /* Build configuration list for PBXNativeTarget "ListDetailSwiftUITests" */ = {
			isa = XCConfigurationList;
			buildConfigurations = (
				7C4A96042C295D4000278307 /* Debug */,
				7C4A96052C295D4000278307 /* Release */,
			);
			defaultConfigurationIsVisible = 0;
			defaultConfigurationName = Release;
		};
		7C4A96062C295D4000278307 /* Build configuration list for PBXNativeTarget "ListDetailSwiftUIUITests" */ = {
			isa = XCConfigurationList;
			buildConfigurations = (
				7C4A96072C295D4000278307 /* Debug */,
				7C4A96082C295D4000278307 /* Release */,
			);
			defaultConfigurationIsVisible = 0;
			defaultConfigurationName = Release;
		};
/* End XCConfigurationList section */
	};
	rootObject = 7C4A95D42C295D3E00278307 /* Project object */;
}
